
Microsoft Visual Studio Solution File, Format Version 10.00
# Visual Studio 2008
Project("{FAE04EC0-301F-11D3-BF4B-00C04F79EFBC}") = "data-extract-c-sharp", "data-extract-c-sharp.csproj", "{840A2B25-4EA4-410C-898F-DE7256A34DCF}"
EndProject
Global
	GlobalSection(SolutionConfigurationPlatforms) = preSolution
		Debug|Any CPU = Debug|Any CPU
		Release|Any CPU = Release|Any CPU
	EndGlobalSection
	GlobalSection(ProjectConfigurationPlatforms) = postSolution
		{840A2B25-4EA4-410C-898F-DE7256A34DCF}.Debug|Any CPU.ActiveCfg = Debug|Any CPU
		{840A2B25-4EA4-410C-898F-DE7256A34DCF}.Debug|Any CPU.Build.0 = Debug|Any CPU
		{840A2B25-4EA4-410C-898F-DE7256A34DCF}.Release|Any CPU.ActiveCfg = Release|Any CPU
		{840A2B25-4EA4-410C-898F-DE7256A34DCF}.Release|Any CPU.Build.0 = Release|Any CPU
	EndGlobalSection
	GlobalSection(MonoDevelopProperties) = preSolution
		StartupItem = data-extract-c-sharp.csproj
	EndGlobalSection
EndGlobal
